
Microsoft Visual Studio Solution File, Format Version 12.00
# Visual Studio Version 16
VisualStudioVersion = 16.0.32602.291
MinimumVisualStudioVersion = 10.0.40219.1
Project("{FAE04EC0-301F-11D3-BF4B-00C04F79EFBC}") = "StudentGrades", "StudentGrades.csproj", "{756AA86D-5ABF-45E8-821A-576DA1CE6DA1}"
EndProject
Project("{FAE04EC0-301F-11D3-BF4B-00C04F79EFBC}") = "StudentGrades.nUnitTests", "..\StudentGrades.nUnitTests\StudentGrades.nUnitTests.csproj", "{A7BFDB21-3C38-4D5B-BF36-BE3D261D7732}"
EndProject
Global
	GlobalSection(SolutionConfigurationPlatforms) = preSolution
		Debug|Any CPU = Debug|Any CPU
		Release|Any CPU = Release|Any CPU
	EndGlobalSection
	GlobalSection(ProjectConfigurationPlatforms) = postSolution
		{756AA86D-5ABF-45E8-821A-576DA1CE6DA1}.Debug|Any CPU.ActiveCfg = Debug|Any CPU
		{756AA86D-5ABF-45E8-821A-576DA1CE6DA1}.Debug|Any CPU.Build.0 = Debug|Any CPU
		{756AA86D-5ABF-45E8-821A-576DA1CE6DA1}.Release|Any CPU.ActiveCfg = Release|Any CPU
		{756AA86D-5ABF-45E8-821A-576DA1CE6DA1}.Release|Any CPU.Build.0 = Release|Any CPU
		{A7BFDB21-3C38-4D5B-BF36-BE3D261D7732}.Debug|Any CPU.ActiveCfg = Debug|Any CPU
		{A7BFDB21-3C38-4D5B-BF36-BE3D261D7732}.Debug|Any CPU.Build.0 = Debug|Any CPU
		{A7BFDB21-3C38-4D5B-BF36-BE3D261D7732}.Release|Any CPU.ActiveCfg = Release|Any CPU
		{A7BFDB21-3C38-4D5B-BF36-BE3D261D7732}.Release|Any CPU.Build.0 = Release|Any CPU
	EndGlobalSection
	GlobalSection(SolutionProperties) = preSolution
		HideSolutionNode = FALSE
	EndGlobalSection
	GlobalSection(ExtensibilityGlobals) = postSolution
		SolutionGuid = {D6450063-B58A-43A9-AA57-B721269BD2B0}
	EndGlobalSection
EndGlobal
